<?xml version="1.0" encoding="utf-8"?>
<Project ToolsVersion="4.0" xmlns="http://schemas.microsoft.com/developer/msbuild/2003">
  <ItemGroup>
    <Filter Include="Source Files">
      <UniqueIdentifier>{18f69fa0-39de-43ca-9904-6cf10ea42455}</UniqueIdentifier>
      <Extensions>cpp;c;cxx;rc;def;r;odl;hpj;bat;for;f90</Extensions>
    </Filter>
    <Filter Include="Header Files">
      <UniqueIdentifier>{18ae4edd-f4fe-4a38-aa79-45c6c994e13c}</UniqueIdentifier>
      <Extensions>h;hpp;hxx;hm;inl;fi;fd</Extensions>
    </Filter>
    <Filter Include="Resource Files">
      <UniqueIdentifier>{b97d4cdc-8782-4d0f-8156-6b5c03d7ec31}</UniqueIdentifier>
      <Extensions>ico;cur;bmp;dlg;rc2;rct;bin;cnt;rtf;gif;jpg;jpeg;jpe</Extensions>
    </Filter>
  </ItemGroup>
  <ItemGroup>
    <ClCompile Include="Murk.cpp">
      <Filter>Source Files</Filter>
    </ClCompile>
    <ClCompile Include="Cdib.cpp">
      <Filter>Source Files</Filter>
    </ClCompile>
    <ClCompile Include="cdirdraw.cpp">
      <Filter>Source Files</Filter>
    </ClCompile>
    <ClCompile Include="Cdirsnd.cpp">
      <Filter>Source Files</Filter>
    </ClCompile>
    <ClCompile Include="CMYDD.CPP">
      <Filter>Source Files</Filter>
    </ClCompile>
    <ClCompile Include="Cwave.cpp">
      <Filter>Source Files</Filter>
    </ClCompile>
    <ClCompile Include="Dialogs.cpp">
      <Filter>Source Files</Filter>
    </ClCompile>
    <ClCompile Include="file.cpp">
      <Filter>Source Files</Filter>
    </ClCompile>
    <ClCompile Include="GAME.CPP">
      <Filter>Source Files</Filter>
    </ClCompile>
    <ClCompile Include="joystick.cpp">
      <Filter>Source Files</Filter>
    </ClCompile>
    <ClCompile Include="menu.cpp">
      <Filter>Source Files</Filter>
    </ClCompile>
    <ClCompile Include="Midistrm.cpp">
      <Filter>Source Files</Filter>
    </ClCompile>
    <ClCompile Include="Mmio.cpp">
      <Filter>Source Files</Filter>
    </ClCompile>
    <ClCompile Include="MurkControls.cpp">
      <Filter>Source Files</Filter>
    </ClCompile>
    <ClCompile Include="MurkInit.cpp">
      <Filter>Source Files</Filter>
    </ClCompile>
    <ClCompile Include="MurkMusic.cpp">
      <Filter>Source Files</Filter>
    </ClCompile>
    <ClCompile Include="MurkScreens.cpp">
      <Filter>Source Files</Filter>
    </ClCompile>
    <ClCompile Include="MurkSound.cpp">
      <Filter>Source Files</Filter>
    </ClCompile>
    <ClCompile Include="MurkThink.cpp">
      <Filter>Source Files</Filter>
    </ClCompile>
    <ClCompile Include="MurkTimer.cpp">
      <Filter>Source Files</Filter>
    </ClCompile>
    <ClCompile Include="MurkUtils.cpp">
      <Filter>Source Files</Filter>
    </ClCompile>
    <ClCompile Include="Registry.cpp">
      <Filter>Source Files</Filter>
    </ClCompile>
  </ItemGroup>
  <ItemGroup>
    <ResourceCompile Include="murk.rc">
      <Filter>Source Files</Filter>
    </ResourceCompile>
  </ItemGroup>
  <ItemGroup>
    <ClInclude Include="cdib.h">
      <Filter>Header Files</Filter>
    </ClInclude>
    <ClInclude Include="cdirdraw.h">
      <Filter>Header Files</Filter>
    </ClInclude>
    <ClInclude Include="Cdirsnd.h">
      <Filter>Header Files</Filter>
    </ClInclude>
    <ClInclude Include="CMYDD.H">
      <Filter>Header Files</Filter>
    </ClInclude>
    <ClInclude Include="GAME.H">
      <Filter>Header Files</Filter>
    </ClInclude>
    <ClInclude Include="GUID.H">
      <Filter>Header Files</Filter>
    </ClInclude>
    <ClInclude Include="joystick.h">
      <Filter>Header Files</Filter>
    </ClInclude>
    <ClInclude Include="Midistrm.h">
      <Filter>Header Files</Filter>
    </ClInclude>
    <ClInclude Include="Mmio.h">
      <Filter>Header Files</Filter>
    </ClInclude>
    <ClInclude Include="murk.h">
      <Filter>Header Files</Filter>
    </ClInclude>
    <ClInclude Include="murkcommon.h">
      <Filter>Header Files</Filter>
    </ClInclude>
    <ClInclude Include="murkdecl.h">
      <Filter>Header Files</Filter>
    </ClInclude>
    <ClInclude Include="Registry.h">
      <Filter>Header Files</Filter>
    </ClInclude>
    <ClInclude Include="resource.h">
      <Filter>Header Files</Filter>
    </ClInclude>
    <ClInclude Include="StdAfx.h">
      <Filter>Header Files</Filter>
    </ClInclude>
    <ClInclude Include="CWAVE.H">
      <Filter>Header Files</Filter>
    </ClInclude>
    <ClInclude Include="dplay.h">
      <Filter>Header Files</Filter>
    </ClInclude>
  </ItemGroup>
  <ItemGroup>
    <Image Include="Aztec.ico">
      <Filter>Resource Files</Filter>
    </Image>
    <Image Include="icon2.ico">
      <Filter>Resource Files</Filter>
    </Image>
  </ItemGroup>
  <ItemGroup>
    <CustomBuild Include="id.bin">
      <Filter>Resource Files</Filter>
    </CustomBuild>
    <CustomBuild Include="mids1.bin">
      <Filter>Resource Files</Filter>
    </CustomBuild>
    <CustomBuild Include="mids3.bin">
      <Filter>Resource Files</Filter>
    </CustomBuild>
  </ItemGroup>
</Project>